
Microsoft Visual Studio Solution File, Format Version 12.00
# Visual Studio Version 17
VisualStudioVersion = 17.9.34728.123
MinimumVisualStudioVersion = 10.0.40219.1
Project("{FAE04EC0-301F-11D3-BF4B-00C04F79EFBC}") = "DesafioPratico", "DesafioPratico\DesafioPratico.csproj", "{6AE41887-5BC1-47A0-B248-ABA8E36ABB77}"
EndProject
Global
	GlobalSection(SolutionConfigurationPlatforms) = preSolution
		Debug|Any CPU = Debug|Any CPU
		Release|Any CPU = Release|Any CPU
	EndGlobalSection
	GlobalSection(ProjectConfigurationPlatforms) = postSolution
		{6AE41887-5BC1-47A0-B248-ABA8E36ABB77}.Debug|Any CPU.ActiveCfg = Debug|Any CPU
		{6AE41887-5BC1-47A0-B248-ABA8E36ABB77}.Debug|Any CPU.Build.0 = Debug|Any CPU
		{6AE41887-5BC1-47A0-B248-ABA8E36ABB77}.Release|Any CPU.ActiveCfg = Release|Any CPU
		{6AE41887-5BC1-47A0-B248-ABA8E36ABB77}.Release|Any CPU.Build.0 = Release|Any CPU
	EndGlobalSection
	GlobalSection(SolutionProperties) = preSolution
		HideSolutionNode = FALSE
	EndGlobalSection
	GlobalSection(ExtensibilityGlobals) = postSolution
		SolutionGuid = {E18436E9-55EB-4752-9B9F-2290668181B7}
	EndGlobalSection
EndGlobal
